<?xml version="1.0" encoding="utf-8"?>
<Project ToolsVersion="4.0" xmlns="http://schemas.microsoft.com/developer/msbuild/2003">

  <!-- Filter definitions -->
  <ItemGroup>
    <Filter Include="Source Files">
      <UniqueIdentifier>{4FC737F1-C7A5-4376-A066-2A32D752A2FF}</UniqueIdentifier>
      <Extensions>cpp;c;cc;cxx;c++;cppm;ixx;def;odl;idl;hpj;bat;asm;asmx</Extensions>
    </Filter>
    <Filter Include="Header Files">
      <UniqueIdentifier>{93995380-89BD-4b04-88EB-625FBE52EBFB}</UniqueIdentifier>
      <Extensions>h;hh;hpp;hxx;h++;hm;inl;inc;ipp;xsd</Extensions>
    </Filter>
    <Filter Include="Resource Files">
      <UniqueIdentifier>{67DA6AB6-F800-4c08-8B7A-83BB121AAD01}</UniqueIdentifier>
      <Extensions>rc;ico;cur;bmp;dlg;rc2;rct;bin;rgs;gif;jpg;jpeg;jpe;resx;tiff;tif;png;wav;mfcribbon-ms</Extensions>
    </Filter>
  </ItemGroup>
  
  <!-- Header files -->
  <ItemGroup>
    <ClInclude Include="../include/DarkMode.h">
      <Filter>Header Files</Filter>
    </ClInclude>
    <ClInclude Include="../include/umbra.h">
      <Filter>Header Files</Filter>
    </ClInclude>
    <ClInclude Include="../include/IatHook.h">
      <Filter>Header Files</Filter>
    </ClInclude>
    <ClInclude Include="../include/ModuleHelper.h">
      <Filter>Header Files</Filter>
    </ClInclude>
    <ClInclude Include="../include/SysColorHook.h">
      <Filter>Header Files</Filter>
    </ClInclude>
    <ClInclude Include="../include/UAHMenuBar.h">
      <Filter>Header Files</Filter>
    </ClInclude>
    <ClInclude Include="../include/Version.h">
      <Filter>Header Files</Filter>
    </ClInclude>
    <ClInclude Include="../include/WinVerHelper.h">
      <Filter>Header Files</Filter>
    </ClInclude>
  </ItemGroup>
  
  <!-- Source files -->
  <ItemGroup>
    <ClCompile Include="../src/DarkMessageBox.cpp">
      <Filter>Source Files</Filter>
    </ClCompile>
    <ClCompile Include="../src/DarkMode.cpp">
      <Filter>Source Files</Filter>
    </ClCompile>
    <ClCompile Include="../src/umbra.cpp">
      <Filter>Source Files</Filter>
    </ClCompile>
    <ClCompile Include="../src/SysColorHook.cpp">
      <Filter>Source Files</Filter>
    </ClCompile>
  </ItemGroup>
  
  <!-- Resource files -->
  <ItemGroup>
    <ResourceCompile Include="../res/VersionInfo.rc">
      <Filter>Resource Files</Filter>
    </ResourceCompile>
  </ItemGroup>
  
</Project>
